
Microsoft Visual Studio Solution File, Format Version 12.00
# Visual Studio 15
VisualStudioVersion = 15.0.27130.2010
MinimumVisualStudioVersion = 10.0.40219.1
Project("{FAE04EC0-301F-11D3-BF4B-00C04F79EFBC}") = "FactoryPattern", "FactoryPattern\FactoryPattern.csproj", "{4D05A584-16F2-4EE4-ACBA-03B62C651EB0}"
EndProject
Project("{FAE04EC0-301F-11D3-BF4B-00C04F79EFBC}") = "IDEcode", "IDEcode\IDEcode.csproj", "{A99696A2-F679-4593-9240-2690A62AE287}"
EndProject
Global
	GlobalSection(SolutionConfigurationPlatforms) = preSolution
		Debug|Any CPU = Debug|Any CPU
		Release|Any CPU = Release|Any CPU
	EndGlobalSection
	GlobalSection(ProjectConfigurationPlatforms) = postSolution
		{4D05A584-16F2-4EE4-ACBA-03B62C651EB0}.Debug|Any CPU.ActiveCfg = Debug|Any CPU
		{4D05A584-16F2-4EE4-ACBA-03B62C651EB0}.Debug|Any CPU.Build.0 = Debug|Any CPU
		{4D05A584-16F2-4EE4-ACBA-03B62C651EB0}.Release|Any CPU.ActiveCfg = Release|Any CPU
		{4D05A584-16F2-4EE4-ACBA-03B62C651EB0}.Release|Any CPU.Build.0 = Release|Any CPU
		{A99696A2-F679-4593-9240-2690A62AE287}.Debug|Any CPU.ActiveCfg = Debug|Any CPU
		{A99696A2-F679-4593-9240-2690A62AE287}.Debug|Any CPU.Build.0 = Debug|Any CPU
		{A99696A2-F679-4593-9240-2690A62AE287}.Release|Any CPU.ActiveCfg = Release|Any CPU
		{A99696A2-F679-4593-9240-2690A62AE287}.Release|Any CPU.Build.0 = Release|Any CPU
	EndGlobalSection
	GlobalSection(SolutionProperties) = preSolution
		HideSolutionNode = FALSE
	EndGlobalSection
	GlobalSection(ExtensibilityGlobals) = postSolution
		SolutionGuid = {1068819B-C0B8-4150-BE7F-FB12EF5D1009}
	EndGlobalSection
EndGlobal
